
Microsoft Visual Studio Solution File, Format Version 12.00
# Visual Studio Version 16
VisualStudioVersion = 16.0.32413.511
MinimumVisualStudioVersion = 10.0.40219.1
Project("{FAE04EC0-301F-11D3-BF4B-00C04F79EFBC}") = "HelloWorld", "HelloWorld\HelloWorld.csproj", "{AF5C7B22-693B-4223-AF40-2D7DBB26E1E3}"
EndProject
Global
	GlobalSection(SolutionConfigurationPlatforms) = preSolution
		Debug|Any CPU = Debug|Any CPU
		Release|Any CPU = Release|Any CPU
	EndGlobalSection
	GlobalSection(ProjectConfigurationPlatforms) = postSolution
		{AF5C7B22-693B-4223-AF40-2D7DBB26E1E3}.Debug|Any CPU.ActiveCfg = Debug|Any CPU
		{AF5C7B22-693B-4223-AF40-2D7DBB26E1E3}.Debug|Any CPU.Build.0 = Debug|Any CPU
		{AF5C7B22-693B-4223-AF40-2D7DBB26E1E3}.Release|Any CPU.ActiveCfg = Release|Any CPU
		{AF5C7B22-693B-4223-AF40-2D7DBB26E1E3}.Release|Any CPU.Build.0 = Release|Any CPU
	EndGlobalSection
	GlobalSection(SolutionProperties) = preSolution
		HideSolutionNode = FALSE
	EndGlobalSection
	GlobalSection(ExtensibilityGlobals) = postSolution
		SolutionGuid = {48329280-D5EB-4481-A607-3CE5D09CCB8E}
	EndGlobalSection
EndGlobal
